
Microsoft Visual Studio Solution File, Format Version 12.00
# Visual Studio Version 17
VisualStudioVersion = 17.4.33110.190
MinimumVisualStudioVersion = 10.0.40219.1
Project("{FAE04EC0-301F-11D3-BF4B-00C04F79EFBC}") = "Hastane_Proje", "Hastane_Proje\Hastane_Proje.csproj", "{D862F23E-E8C2-47D3-8C76-356F1DADA0F0}"
EndProject
Global
	GlobalSection(SolutionConfigurationPlatforms) = preSolution
		Debug|Any CPU = Debug|Any CPU
		Release|Any CPU = Release|Any CPU
	EndGlobalSection
	GlobalSection(ProjectConfigurationPlatforms) = postSolution
		{D862F23E-E8C2-47D3-8C76-356F1DADA0F0}.Debug|Any CPU.ActiveCfg = Debug|Any CPU
		{D862F23E-E8C2-47D3-8C76-356F1DADA0F0}.Debug|Any CPU.Build.0 = Debug|Any CPU
		{D862F23E-E8C2-47D3-8C76-356F1DADA0F0}.Release|Any CPU.ActiveCfg = Release|Any CPU
		{D862F23E-E8C2-47D3-8C76-356F1DADA0F0}.Release|Any CPU.Build.0 = Release|Any CPU
	EndGlobalSection
	GlobalSection(SolutionProperties) = preSolution
		HideSolutionNode = FALSE
	EndGlobalSection
	GlobalSection(ExtensibilityGlobals) = postSolution
		SolutionGuid = {6248591D-5358-4ECB-BC95-65049B0588CC}
	EndGlobalSection
EndGlobal
